
Microsoft Visual Studio Solution File, Format Version 12.00
# Visual Studio Version 17
VisualStudioVersion = 17.9.34616.47
MinimumVisualStudioVersion = 10.0.40219.1
Project("{8BC9CEB8-8B4A-11D0-8D11-00A0C91BC942}") = "SmilingApp", "SmilingApp\SmilingApp.vcxproj", "{01B62462-A42B-4E3B-B5C6-BFFC3249C9FE}"
EndProject
Global
	GlobalSection(SolutionConfigurationPlatforms) = preSolution
		Debug|x64 = Debug|x64
		Debug|x86 = Debug|x86
		Release|x64 = Release|x64
		Release|x86 = Release|x86
	EndGlobalSection
	GlobalSection(ProjectConfigurationPlatforms) = postSolution
		{01B62462-A42B-4E3B-B5C6-BFFC3249C9FE}.Debug|x64.ActiveCfg = Debug|x64
		{01B62462-A42B-4E3B-B5C6-BFFC3249C9FE}.Debug|x64.Build.0 = Debug|x64
		{01B62462-A42B-4E3B-B5C6-BFFC3249C9FE}.Debug|x86.ActiveCfg = Debug|Win32
		{01B62462-A42B-4E3B-B5C6-BFFC3249C9FE}.Debug|x86.Build.0 = Debug|Win32
		{01B62462-A42B-4E3B-B5C6-BFFC3249C9FE}.Release|x64.ActiveCfg = Release|x64
		{01B62462-A42B-4E3B-B5C6-BFFC3249C9FE}.Release|x64.Build.0 = Release|x64
		{01B62462-A42B-4E3B-B5C6-BFFC3249C9FE}.Release|x86.ActiveCfg = Release|Win32
		{01B62462-A42B-4E3B-B5C6-BFFC3249C9FE}.Release|x86.Build.0 = Release|Win32
	EndGlobalSection
	GlobalSection(SolutionProperties) = preSolution
		HideSolutionNode = FALSE
	EndGlobalSection
	GlobalSection(ExtensibilityGlobals) = postSolution
		SolutionGuid = {B2C4C244-FBEB-4D17-A796-29D62E7D9902}
	EndGlobalSection
EndGlobal
